
Microsoft Visual Studio Solution File, Format Version 12.00
# Visual Studio Version 17
VisualStudioVersion = 17.11.35208.52
MinimumVisualStudioVersion = 10.0.40219.1
Project("{9A19103F-16F7-4668-BE54-9A1E7A4F7556}") = "VehicleInventoryProj", "VehicleInventoryProj.csproj", "{BB513B47-BF3D-4222-B6EA-1ED150235699}"
EndProject
Global
	GlobalSection(SolutionConfigurationPlatforms) = preSolution
		Debug|Any CPU = Debug|Any CPU
		Release|Any CPU = Release|Any CPU
	EndGlobalSection
	GlobalSection(ProjectConfigurationPlatforms) = postSolution
		{BB513B47-BF3D-4222-B6EA-1ED150235699}.Debug|Any CPU.ActiveCfg = Debug|Any CPU
		{BB513B47-BF3D-4222-B6EA-1ED150235699}.Debug|Any CPU.Build.0 = Debug|Any CPU
		{BB513B47-BF3D-4222-B6EA-1ED150235699}.Release|Any CPU.ActiveCfg = Release|Any CPU
		{BB513B47-BF3D-4222-B6EA-1ED150235699}.Release|Any CPU.Build.0 = Release|Any CPU
	EndGlobalSection
	GlobalSection(SolutionProperties) = preSolution
		HideSolutionNode = FALSE
	EndGlobalSection
	GlobalSection(ExtensibilityGlobals) = postSolution
		SolutionGuid = {BDFD4838-F35C-4ECA-B9B9-4339C2DE2AAC}
	EndGlobalSection
EndGlobal
